
Microsoft Visual Studio Solution File, Format Version 12.00
# Visual Studio Version 17
VisualStudioVersion = 17.5.33502.453
MinimumVisualStudioVersion = 10.0.40219.1
Project("{9A19103F-16F7-4668-BE54-9A1E7A4F7556}") = "IPK-2-Projekt", "IPK-2-Projekt\IPK-2-Projekt.csproj", "{B1C0550A-B794-47D0-A6AE-12921179FDF1}"
EndProject
Project("{FAE04EC0-301F-11D3-BF4B-00C04F79EFBC}") = "IPK-2-Projekt-Tests", "IPK-2-Projekt-Tests\IPK-2-Projekt-Tests.csproj", "{14B1606C-6964-4C21-952C-773C76EEBEED}"
EndProject
Global
	GlobalSection(SolutionConfigurationPlatforms) = preSolution
		Debug|Any CPU = Debug|Any CPU
		Release|Any CPU = Release|Any CPU
	EndGlobalSection
	GlobalSection(ProjectConfigurationPlatforms) = postSolution
		{B1C0550A-B794-47D0-A6AE-12921179FDF1}.Debug|Any CPU.ActiveCfg = Debug|Any CPU
		{B1C0550A-B794-47D0-A6AE-12921179FDF1}.Debug|Any CPU.Build.0 = Debug|Any CPU
		{B1C0550A-B794-47D0-A6AE-12921179FDF1}.Release|Any CPU.ActiveCfg = Release|Any CPU
		{B1C0550A-B794-47D0-A6AE-12921179FDF1}.Release|Any CPU.Build.0 = Release|Any CPU
		{14B1606C-6964-4C21-952C-773C76EEBEED}.Debug|Any CPU.ActiveCfg = Debug|Any CPU
		{14B1606C-6964-4C21-952C-773C76EEBEED}.Debug|Any CPU.Build.0 = Debug|Any CPU
		{14B1606C-6964-4C21-952C-773C76EEBEED}.Release|Any CPU.ActiveCfg = Release|Any CPU
		{14B1606C-6964-4C21-952C-773C76EEBEED}.Release|Any CPU.Build.0 = Release|Any CPU
	EndGlobalSection
	GlobalSection(SolutionProperties) = preSolution
		HideSolutionNode = FALSE
	EndGlobalSection
	GlobalSection(ExtensibilityGlobals) = postSolution
		SolutionGuid = {8B0046E2-9115-4706-98DA-2A5A29016DA9}
	EndGlobalSection
EndGlobal
